
Microsoft Visual Studio Solution File, Format Version 12.00
# Visual Studio Version 17
VisualStudioVersion = 17.5.33516.290
MinimumVisualStudioVersion = 10.0.40219.1
Project("{9092AA53-FB77-4645-B42D-1CCCA6BD08BD}") = "Capstone", "Capstone\Capstone.njsproj", "{7325576F-55DC-4F06-8CA4-1658E47AE115}"
EndProject
Global
	GlobalSection(SolutionConfigurationPlatforms) = preSolution
		Debug|Any CPU = Debug|Any CPU
		Release|Any CPU = Release|Any CPU
	EndGlobalSection
	GlobalSection(ProjectConfigurationPlatforms) = postSolution
		{7325576F-55DC-4F06-8CA4-1658E47AE115}.Debug|Any CPU.ActiveCfg = Debug|Any CPU
		{7325576F-55DC-4F06-8CA4-1658E47AE115}.Debug|Any CPU.Build.0 = Debug|Any CPU
		{7325576F-55DC-4F06-8CA4-1658E47AE115}.Release|Any CPU.ActiveCfg = Release|Any CPU
		{7325576F-55DC-4F06-8CA4-1658E47AE115}.Release|Any CPU.Build.0 = Release|Any CPU
	EndGlobalSection
	GlobalSection(SolutionProperties) = preSolution
		HideSolutionNode = FALSE
	EndGlobalSection
	GlobalSection(ExtensibilityGlobals) = postSolution
		SolutionGuid = {2826E125-8F0F-44C2-905C-68EC69A572D2}
	EndGlobalSection
EndGlobal
